
Microsoft Visual Studio Solution File, Format Version 12.00
# Visual Studio Version 17
VisualStudioVersion = 17.9.34723.18
MinimumVisualStudioVersion = 10.0.40219.1
Project("{FAE04EC0-301F-11D3-BF4B-00C04F79EFBC}") = "StringLibrary", "StringLibrary\StringLibrary.csproj", "{2440105D-4DF4-495F-A04C-78ECB57F09CD}"
EndProject
Global
	GlobalSection(SolutionConfigurationPlatforms) = preSolution
		Debug|Any CPU = Debug|Any CPU
		Release|Any CPU = Release|Any CPU
	EndGlobalSection
	GlobalSection(ProjectConfigurationPlatforms) = postSolution
		{2440105D-4DF4-495F-A04C-78ECB57F09CD}.Debug|Any CPU.ActiveCfg = Debug|Any CPU
		{2440105D-4DF4-495F-A04C-78ECB57F09CD}.Debug|Any CPU.Build.0 = Debug|Any CPU
		{2440105D-4DF4-495F-A04C-78ECB57F09CD}.Release|Any CPU.ActiveCfg = Release|Any CPU
		{2440105D-4DF4-495F-A04C-78ECB57F09CD}.Release|Any CPU.Build.0 = Release|Any CPU
	EndGlobalSection
	GlobalSection(SolutionProperties) = preSolution
		HideSolutionNode = FALSE
	EndGlobalSection
	GlobalSection(ExtensibilityGlobals) = postSolution
		SolutionGuid = {4BB7AC53-A979-4005-BA38-A257DD413CE0}
	EndGlobalSection
EndGlobal
